
Microsoft Visual Studio Solution File, Format Version 12.00
# Visual Studio 15
VisualStudioVersion = 15.0.28010.2050
MinimumVisualStudioVersion = 10.0.40219.1
Project("{FAE04EC0-301F-11D3-BF4B-00C04F79EFBC}") = "appHPotter", "appHPotter\appHPotter.csproj", "{29FA2725-CEC2-4FCA-88CE-2DC5CF5692FF}"
EndProject
Global
	GlobalSection(SolutionConfigurationPlatforms) = preSolution
		Debug|Any CPU = Debug|Any CPU
		Release|Any CPU = Release|Any CPU
	EndGlobalSection
	GlobalSection(ProjectConfigurationPlatforms) = postSolution
		{29FA2725-CEC2-4FCA-88CE-2DC5CF5692FF}.Debug|Any CPU.ActiveCfg = Debug|Any CPU
		{29FA2725-CEC2-4FCA-88CE-2DC5CF5692FF}.Debug|Any CPU.Build.0 = Debug|Any CPU
		{29FA2725-CEC2-4FCA-88CE-2DC5CF5692FF}.Release|Any CPU.ActiveCfg = Release|Any CPU
		{29FA2725-CEC2-4FCA-88CE-2DC5CF5692FF}.Release|Any CPU.Build.0 = Release|Any CPU
	EndGlobalSection
	GlobalSection(SolutionProperties) = preSolution
		HideSolutionNode = FALSE
	EndGlobalSection
	GlobalSection(ExtensibilityGlobals) = postSolution
		SolutionGuid = {2F693635-C7D7-441F-B594-55DDA963A214}
	EndGlobalSection
EndGlobal
